
Microsoft Visual Studio Solution File, Format Version 12.00
# Visual Studio Version 17
VisualStudioVersion = 17.2.32526.322
MinimumVisualStudioVersion = 10.0.40219.1
Project("{FAE04EC0-301F-11D3-BF4B-00C04F79EFBC}") = "array_problems", "array_problems.csproj", "{2C0DE13D-0282-423E-A98D-91D56030EFBD}"
EndProject
Global
	GlobalSection(SolutionConfigurationPlatforms) = preSolution
		Debug|Any CPU = Debug|Any CPU
		Release|Any CPU = Release|Any CPU
	EndGlobalSection
	GlobalSection(ProjectConfigurationPlatforms) = postSolution
		{2C0DE13D-0282-423E-A98D-91D56030EFBD}.Debug|Any CPU.ActiveCfg = Debug|Any CPU
		{2C0DE13D-0282-423E-A98D-91D56030EFBD}.Debug|Any CPU.Build.0 = Debug|Any CPU
		{2C0DE13D-0282-423E-A98D-91D56030EFBD}.Release|Any CPU.ActiveCfg = Release|Any CPU
		{2C0DE13D-0282-423E-A98D-91D56030EFBD}.Release|Any CPU.Build.0 = Release|Any CPU
	EndGlobalSection
	GlobalSection(SolutionProperties) = preSolution
		HideSolutionNode = FALSE
	EndGlobalSection
	GlobalSection(ExtensibilityGlobals) = postSolution
		SolutionGuid = {F37AB4FA-6BB8-4F73-85FE-C36926DD2196}
	EndGlobalSection
EndGlobal
